
Microsoft Visual Studio Solution File, Format Version 12.00
# Visual Studio 2017
Project("{FAE04EC0-301F-11D3-BF4B-00C04F79EFBC}") = "IdentityDemo", "IdentityDemo.csproj", "{A11F75CB-6B11-4203-808F-7AB683769028}"
EndProject
Global
	GlobalSection(SolutionConfigurationPlatforms) = preSolution
		Debug|Any CPU = Debug|Any CPU
		Release|Any CPU = Release|Any CPU
	EndGlobalSection
	GlobalSection(ProjectConfigurationPlatforms) = postSolution
		{A11F75CB-6B11-4203-808F-7AB683769028}.Debug|Any CPU.ActiveCfg = Debug|Any CPU
		{A11F75CB-6B11-4203-808F-7AB683769028}.Debug|Any CPU.Build.0 = Debug|Any CPU
		{A11F75CB-6B11-4203-808F-7AB683769028}.Release|Any CPU.ActiveCfg = Release|Any CPU
		{A11F75CB-6B11-4203-808F-7AB683769028}.Release|Any CPU.Build.0 = Release|Any CPU
	EndGlobalSection
EndGlobal
